
Microsoft Visual Studio Solution File, Format Version 12.00
# Visual Studio Version 17
VisualStudioVersion = 17.5.002.0
MinimumVisualStudioVersion = 10.0.40219.1
Project("{2150E333-8FDC-42A3-9474-1A3956D46DE8}") = "Recursion", "Recursion", "{CE0EA7E4-82C4-4059-AF0F-161FCB5BF78B}"
EndProject
Project("{9A19103F-16F7-4668-BE54-9A1E7A4F7556}") = "task1", "Recursion\task1\task1.csproj", "{ACDFD9CA-0A1C-4F1B-B3DB-B89C5068D3E6}"
EndProject
Global
	GlobalSection(SolutionConfigurationPlatforms) = preSolution
		Debug|Any CPU = Debug|Any CPU
		Release|Any CPU = Release|Any CPU
	EndGlobalSection
	GlobalSection(ProjectConfigurationPlatforms) = postSolution
		{ACDFD9CA-0A1C-4F1B-B3DB-B89C5068D3E6}.Debug|Any CPU.ActiveCfg = Debug|Any CPU
		{ACDFD9CA-0A1C-4F1B-B3DB-B89C5068D3E6}.Debug|Any CPU.Build.0 = Debug|Any CPU
		{ACDFD9CA-0A1C-4F1B-B3DB-B89C5068D3E6}.Release|Any CPU.ActiveCfg = Release|Any CPU
		{ACDFD9CA-0A1C-4F1B-B3DB-B89C5068D3E6}.Release|Any CPU.Build.0 = Release|Any CPU
	EndGlobalSection
	GlobalSection(SolutionProperties) = preSolution
		HideSolutionNode = FALSE
	EndGlobalSection
	GlobalSection(NestedProjects) = preSolution
		{ACDFD9CA-0A1C-4F1B-B3DB-B89C5068D3E6} = {CE0EA7E4-82C4-4059-AF0F-161FCB5BF78B}
	EndGlobalSection
	GlobalSection(ExtensibilityGlobals) = postSolution
		SolutionGuid = {8D8C3DAC-E658-4F52-B65B-CDA8D1150366}
	EndGlobalSection
EndGlobal
